
Microsoft Visual Studio Solution File, Format Version 12.00
# Visual Studio 15
VisualStudioVersion = 15.0.27130.2027
MinimumVisualStudioVersion = 10.0.40219.1
Project("{FAE04EC0-301F-11D3-BF4B-00C04F79EFBC}") = "PAB Obsluga Dzialu Kadr", "PAB Obsluga Dzialu Kadr\PAB Obsluga Dzialu Kadr.csproj", "{FE5C3B7B-04B0-4C8D-8EB9-4F2CBBA50A32}"
EndProject
Global
	GlobalSection(SolutionConfigurationPlatforms) = preSolution
		Debug|Any CPU = Debug|Any CPU
		Release|Any CPU = Release|Any CPU
	EndGlobalSection
	GlobalSection(ProjectConfigurationPlatforms) = postSolution
		{FE5C3B7B-04B0-4C8D-8EB9-4F2CBBA50A32}.Debug|Any CPU.ActiveCfg = Debug|Any CPU
		{FE5C3B7B-04B0-4C8D-8EB9-4F2CBBA50A32}.Debug|Any CPU.Build.0 = Debug|Any CPU
		{FE5C3B7B-04B0-4C8D-8EB9-4F2CBBA50A32}.Release|Any CPU.ActiveCfg = Release|Any CPU
		{FE5C3B7B-04B0-4C8D-8EB9-4F2CBBA50A32}.Release|Any CPU.Build.0 = Release|Any CPU
	EndGlobalSection
	GlobalSection(SolutionProperties) = preSolution
		HideSolutionNode = FALSE
	EndGlobalSection
	GlobalSection(ExtensibilityGlobals) = postSolution
		SolutionGuid = {C730666D-4875-49CE-9841-0674C5FF032A}
	EndGlobalSection
EndGlobal
